
Microsoft Visual Studio Solution File, Format Version 12.00
# Visual Studio Version 17
VisualStudioVersion = 17.5.002.0
MinimumVisualStudioVersion = 10.0.40219.1
Project("{9A19103F-16F7-4668-BE54-9A1E7A4F7556}") = "NutriRestApi", "NutriRestApi.csproj", "{46B19E89-DCDD-4194-B0B6-54E3DD31DCA6}"
EndProject
Global
	GlobalSection(SolutionConfigurationPlatforms) = preSolution
		Debug|Any CPU = Debug|Any CPU
		Release|Any CPU = Release|Any CPU
	EndGlobalSection
	GlobalSection(ProjectConfigurationPlatforms) = postSolution
		{46B19E89-DCDD-4194-B0B6-54E3DD31DCA6}.Debug|Any CPU.ActiveCfg = Debug|Any CPU
		{46B19E89-DCDD-4194-B0B6-54E3DD31DCA6}.Debug|Any CPU.Build.0 = Debug|Any CPU
		{46B19E89-DCDD-4194-B0B6-54E3DD31DCA6}.Release|Any CPU.ActiveCfg = Release|Any CPU
		{46B19E89-DCDD-4194-B0B6-54E3DD31DCA6}.Release|Any CPU.Build.0 = Release|Any CPU
	EndGlobalSection
	GlobalSection(SolutionProperties) = preSolution
		HideSolutionNode = FALSE
	EndGlobalSection
	GlobalSection(ExtensibilityGlobals) = postSolution
		SolutionGuid = {E0EA41EE-609C-474A-836D-7FFC885D0749}
	EndGlobalSection
EndGlobal
