
Microsoft Visual Studio Solution File, Format Version 12.00
# Visual Studio Version 17
VisualStudioVersion = 17.5.002.0
MinimumVisualStudioVersion = 10.0.40219.1
Project("{9A19103F-16F7-4668-BE54-9A1E7A4F7556}") = "nutriRestApi", "nutriRestApi\nutriRestApi.csproj", "{5467592B-9B09-4880-97C3-C65A7A807729}"
EndProject
Global
	GlobalSection(SolutionConfigurationPlatforms) = preSolution
		Debug|Any CPU = Debug|Any CPU
		Release|Any CPU = Release|Any CPU
	EndGlobalSection
	GlobalSection(ProjectConfigurationPlatforms) = postSolution
		{5467592B-9B09-4880-97C3-C65A7A807729}.Debug|Any CPU.ActiveCfg = Debug|Any CPU
		{5467592B-9B09-4880-97C3-C65A7A807729}.Debug|Any CPU.Build.0 = Debug|Any CPU
		{5467592B-9B09-4880-97C3-C65A7A807729}.Release|Any CPU.ActiveCfg = Release|Any CPU
		{5467592B-9B09-4880-97C3-C65A7A807729}.Release|Any CPU.Build.0 = Release|Any CPU
	EndGlobalSection
	GlobalSection(SolutionProperties) = preSolution
		HideSolutionNode = FALSE
	EndGlobalSection
	GlobalSection(ExtensibilityGlobals) = postSolution
		SolutionGuid = {629206EB-53A2-4C0A-9601-D6B8A55F22D6}
	EndGlobalSection
EndGlobal
